
Microsoft Visual Studio Solution File, Format Version 12.00
# Visual Studio 15
VisualStudioVersion = 15.0.28307.168
MinimumVisualStudioVersion = 10.0.40219.1
Project("{FAE04EC0-301F-11D3-BF4B-00C04F79EFBC}") = "Router", "Router\Router.csproj", "{58CCBB80-5B68-475B-A58A-9437F4BBC111}"
EndProject
Global
	GlobalSection(SolutionConfigurationPlatforms) = preSolution
		Debug|Any CPU = Debug|Any CPU
		Release|Any CPU = Release|Any CPU
	EndGlobalSection
	GlobalSection(ProjectConfigurationPlatforms) = postSolution
		{58CCBB80-5B68-475B-A58A-9437F4BBC111}.Debug|Any CPU.ActiveCfg = Debug|Any CPU
		{58CCBB80-5B68-475B-A58A-9437F4BBC111}.Debug|Any CPU.Build.0 = Debug|Any CPU
		{58CCBB80-5B68-475B-A58A-9437F4BBC111}.Release|Any CPU.ActiveCfg = Release|Any CPU
		{58CCBB80-5B68-475B-A58A-9437F4BBC111}.Release|Any CPU.Build.0 = Release|Any CPU
	EndGlobalSection
	GlobalSection(SolutionProperties) = preSolution
		HideSolutionNode = FALSE
	EndGlobalSection
	GlobalSection(ExtensibilityGlobals) = postSolution
		SolutionGuid = {F4428D1C-EFF4-45E2-9C72-615096E8F4C7}
	EndGlobalSection
EndGlobal
